
Microsoft Visual Studio Solution File, Format Version 12.00
# Visual Studio Version 17
VisualStudioVersion = 17.11.35312.102
MinimumVisualStudioVersion = 10.0.40219.1
Project("{FAE04EC0-301F-11D3-BF4B-00C04F79EFBC}") = "task1", "task1\task1.csproj", "{2F91EE00-3F00-4B85-BB64-EF61A2D09BE5}"
EndProject
Project("{FAE04EC0-301F-11D3-BF4B-00C04F79EFBC}") = "DAL", "DAL\DAL.csproj", "{77AB2F30-88E3-4270-A644-9AC5BE75C70B}"
EndProject
Project("{FAE04EC0-301F-11D3-BF4B-00C04F79EFBC}") = "BLL", "BLL\BLL.csproj", "{B2559FFD-6123-4370-9139-B3AE358AA9D6}"
EndProject
Global
	GlobalSection(SolutionConfigurationPlatforms) = preSolution
		Debug|Any CPU = Debug|Any CPU
		Release|Any CPU = Release|Any CPU
	EndGlobalSection
	GlobalSection(ProjectConfigurationPlatforms) = postSolution
		{2F91EE00-3F00-4B85-BB64-EF61A2D09BE5}.Debug|Any CPU.ActiveCfg = Debug|Any CPU
		{2F91EE00-3F00-4B85-BB64-EF61A2D09BE5}.Debug|Any CPU.Build.0 = Debug|Any CPU
		{2F91EE00-3F00-4B85-BB64-EF61A2D09BE5}.Release|Any CPU.ActiveCfg = Release|Any CPU
		{2F91EE00-3F00-4B85-BB64-EF61A2D09BE5}.Release|Any CPU.Build.0 = Release|Any CPU
		{77AB2F30-88E3-4270-A644-9AC5BE75C70B}.Debug|Any CPU.ActiveCfg = Debug|Any CPU
		{77AB2F30-88E3-4270-A644-9AC5BE75C70B}.Debug|Any CPU.Build.0 = Debug|Any CPU
		{77AB2F30-88E3-4270-A644-9AC5BE75C70B}.Release|Any CPU.ActiveCfg = Release|Any CPU
		{77AB2F30-88E3-4270-A644-9AC5BE75C70B}.Release|Any CPU.Build.0 = Release|Any CPU
		{B2559FFD-6123-4370-9139-B3AE358AA9D6}.Debug|Any CPU.ActiveCfg = Debug|Any CPU
		{B2559FFD-6123-4370-9139-B3AE358AA9D6}.Debug|Any CPU.Build.0 = Debug|Any CPU
		{B2559FFD-6123-4370-9139-B3AE358AA9D6}.Release|Any CPU.ActiveCfg = Release|Any CPU
		{B2559FFD-6123-4370-9139-B3AE358AA9D6}.Release|Any CPU.Build.0 = Release|Any CPU
	EndGlobalSection
	GlobalSection(SolutionProperties) = preSolution
		HideSolutionNode = FALSE
	EndGlobalSection
	GlobalSection(ExtensibilityGlobals) = postSolution
		SolutionGuid = {689CEF95-3045-43F1-8510-20E2A0D582F6}
	EndGlobalSection
EndGlobal
